// !$*UTF8*$!
{
	archiveVersion = 1;
	classes = {
	};
	objectVersion = 56;
	objects = {

/* Begin PBXBuildFile section */
		2D2E4BE0294210340011D888 /* ItemPerson.swift in Sources */ = {isa = PBXBuildFile; fileRef = 2D2E4BC9294210330011D888 /* ItemPerson.swift */; };
		2D2E4BE1294210340011D888 /* ResponsePerson.swift in Sources */ = {isa = PBXBuildFile; fileRef = 2D2E4BCA294210330011D888 /* ResponsePerson.swift */; };
		2D2E4BE2294210340011D888 /* Person.swift in Sources */ = {isa = PBXBuildFile; fileRef = 2D2E4BCB294210330011D888 /* Person.swift */; };
		2D2E4BE3294210340011D888 /* UsersGet.swift in Sources */ = {isa = PBXBuildFile; fileRef = 2D2E4BCD294210340011D888 /* UsersGet.swift */; };
		2D2E4BE4294210340011D888 /* ResponseUsersGet.swift in Sources */ = {isa = PBXBuildFile; fileRef = 2D2E4BCE294210340011D888 /* ResponseUsersGet.swift */; };
		2D2E4BE5294210340011D888 /* VKGroup.swift in Sources */ = {isa = PBXBuildFile; fileRef = 2D2E4BD0294210340011D888 /* VKGroup.swift */; };
		2D2E4BE6294210340011D888 /* ResponseVKGroup.swift in Sources */ = {isa = PBXBuildFile; fileRef = 2D2E4BD1294210340011D888 /* ResponseVKGroup.swift */; };
		2D2E4BE7294210340011D888 /* VKGroups.swift in Sources */ = {isa = PBXBuildFile; fileRef = 2D2E4BD2294210340011D888 /* VKGroups.swift */; };
		2D2E4BE8294210340011D888 /* ItemPhoto.swift in Sources */ = {isa = PBXBuildFile; fileRef = 2D2E4BD4294210340011D888 /* ItemPhoto.swift */; };
		2D2E4BE9294210340011D888 /* ResponsePhoto.swift in Sources */ = {isa = PBXBuildFile; fileRef = 2D2E4BD5294210340011D888 /* ResponsePhoto.swift */; };
		2D2E4BEA294210340011D888 /* Photo.swift in Sources */ = {isa = PBXBuildFile; fileRef = 2D2E4BD6294210340011D888 /* Photo.swift */; };
		2D2E4BEB294210340011D888 /* PurpleLikes.swift in Sources */ = {isa = PBXBuildFile; fileRef = 2D2E4BD8294210340011D888 /* PurpleLikes.swift */; };
		2D2E4BEC294210340011D888 /* Photos.swift in Sources */ = {isa = PBXBuildFile; fileRef = 2D2E4BD9294210340011D888 /* Photos.swift */; };
		2D2E4BED294210340011D888 /* Size.swift in Sources */ = {isa = PBXBuildFile; fileRef = 2D2E4BDA294210340011D888 /* Size.swift */; };
		2D2E4BEE294210340011D888 /* Newsfeed.swift in Sources */ = {isa = PBXBuildFile; fileRef = 2D2E4BDB294210340011D888 /* Newsfeed.swift */; };
		2D2E4BEF294210340011D888 /* VKNews.swift in Sources */ = {isa = PBXBuildFile; fileRef = 2D2E4BDC294210340011D888 /* VKNews.swift */; };
		2D2E4BF0294210340011D888 /* Views.swift in Sources */ = {isa = PBXBuildFile; fileRef = 2D2E4BDD294210340011D888 /* Views.swift */; };
		2D2E4BF1294210340011D888 /* ResponseVKNews.swift in Sources */ = {isa = PBXBuildFile; fileRef = 2D2E4BDE294210340011D888 /* ResponseVKNews.swift */; };
		2D2E4BF2294210340011D888 /* PhotosItem.swift in Sources */ = {isa = PBXBuildFile; fileRef = 2D2E4BDF294210340011D888 /* PhotosItem.swift */; };
		2D2E4BF42942104F0011D888 /* News.swift in Sources */ = {isa = PBXBuildFile; fileRef = 2D2E4BF32942104F0011D888 /* News.swift */; };
		2D2E4BFE294214150011D888 /* HeaderNewsTableViewCell.swift in Sources */ = {isa = PBXBuildFile; fileRef = 2D2E4BF6294214150011D888 /* HeaderNewsTableViewCell.swift */; };
		2D2E4BFF294214150011D888 /* PhotoNewsTableViewCell.swift in Sources */ = {isa = PBXBuildFile; fileRef = 2D2E4BF7294214150011D888 /* PhotoNewsTableViewCell.swift */; };
		2D2E4C00294214150011D888 /* HeaderNewsTableViewCell.xib in Resources */ = {isa = PBXBuildFile; fileRef = 2D2E4BF8294214150011D888 /* HeaderNewsTableViewCell.xib */; };
		2D2E4C01294214150011D888 /* FooterNewsTableViewCell.xib in Resources */ = {isa = PBXBuildFile; fileRef = 2D2E4BF9294214150011D888 /* FooterNewsTableViewCell.xib */; };
		2D2E4C02294214150011D888 /* PostNewsTableViewCell.xib in Resources */ = {isa = PBXBuildFile; fileRef = 2D2E4BFA294214150011D888 /* PostNewsTableViewCell.xib */; };
		2D2E4C03294214150011D888 /* PhotoNewsTableViewCell.xib in Resources */ = {isa = PBXBuildFile; fileRef = 2D2E4BFB294214150011D888 /* PhotoNewsTableViewCell.xib */; };
		2D2E4C04294214150011D888 /* FooterNewsTableViewCell.swift in Sources */ = {isa = PBXBuildFile; fileRef = 2D2E4BFC294214150011D888 /* FooterNewsTableViewCell.swift */; };
		2D2E4C05294214150011D888 /* PostNewsTableViewCell.swift in Sources */ = {isa = PBXBuildFile; fileRef = 2D2E4BFD294214150011D888 /* PostNewsTableViewCell.swift */; };
		2D41B374292F2FC800F70446 /* WebViewLoginViewController.swift in Sources */ = {isa = PBXBuildFile; fileRef = 2D41B373292F2FC800F70446 /* WebViewLoginViewController.swift */; };
		2D41B376292F30C300F70446 /* RealmService.swift in Sources */ = {isa = PBXBuildFile; fileRef = 2D41B375292F30C300F70446 /* RealmService.swift */; };
		2D493729293784A4008982C4 /* UIImageView+Extension.swift in Sources */ = {isa = PBXBuildFile; fileRef = 2D493728293784A4008982C4 /* UIImageView+Extension.swift */; };
		2D6AEF41291A621800D7D449 /* GroupUserTableViewCell..swift in Sources */ = {isa = PBXBuildFile; fileRef = 2D6AEF40291A621800D7D449 /* GroupUserTableViewCell..swift */; };
		2D6AEF43291A623600D7D449 /* SearchGroupTableViewCell.swift in Sources */ = {isa = PBXBuildFile; fileRef = 2D6AEF42291A623600D7D449 /* SearchGroupTableViewCell.swift */; };
		2D6AEF46291A626F00D7D449 /* LikeControl.swift in Sources */ = {isa = PBXBuildFile; fileRef = 2D6AEF45291A626F00D7D449 /* LikeControl.swift */; };
		2D6C00C529443BF100D5140C /* DateFormatter+Extension.swift in Sources */ = {isa = PBXBuildFile; fileRef = 2D6C00C429443BF100D5140C /* DateFormatter+Extension.swift */; };
		2D6C00C82945894700D5140C /* AsyncOperation.swift in Sources */ = {isa = PBXBuildFile; fileRef = 2D6C00C72945894700D5140C /* AsyncOperation.swift */; };
		2D6C00CA2945898100D5140C /* GetDataOperation.swift in Sources */ = {isa = PBXBuildFile; fileRef = 2D6C00C92945898100D5140C /* GetDataOperation.swift */; };
		2D6C00CC294589B100D5140C /* ParseDataOperation.swift in Sources */ = {isa = PBXBuildFile; fileRef = 2D6C00CB294589B100D5140C /* ParseDataOperation.swift */; };
		2D6C00CE294589D800D5140C /* SaveDataOperation.swift in Sources */ = {isa = PBXBuildFile; fileRef = 2D6C00CD294589D800D5140C /* SaveDataOperation.swift */; };
		2D7013B4294AC21E00FB327E /* PhotoService+Extension.swift in Sources */ = {isa = PBXBuildFile; fileRef = 2D7013B3294AC21E00FB327E /* PhotoService+Extension.swift */; };
		2D7013B6294ADA1300FB327E /* PhotoService.swift in Sources */ = {isa = PBXBuildFile; fileRef = 2D7013B5294ADA1300FB327E /* PhotoService.swift */; };
		2D7013B8294EDFB100FB327E /* DataReloadable.swift in Sources */ = {isa = PBXBuildFile; fileRef = 2D7013B7294EDFB100FB327E /* DataReloadable.swift */; };
		2D752461291A4E9900289EAC /* ShadowView.swift in Sources */ = {isa = PBXBuildFile; fileRef = 2D752460291A4E9900289EAC /* ShadowView.swift */; };
		2D752468291A588F00289EAC /* FriendsUserViewController.swift in Sources */ = {isa = PBXBuildFile; fileRef = 2D752467291A588F00289EAC /* FriendsUserViewController.swift */; };
		2D75246B291A58C700289EAC /* FriendsUserTableViewCell.swift in Sources */ = {isa = PBXBuildFile; fileRef = 2D75246A291A58C700289EAC /* FriendsUserTableViewCell.swift */; };
		2D75246D291A58FF00289EAC /* CharacterSetControl.swift in Sources */ = {isa = PBXBuildFile; fileRef = 2D75246C291A58FF00289EAC /* CharacterSetControl.swift */; };
		2D75246F291A591D00289EAC /* PhotosUserCollectionViewCell.swift in Sources */ = {isa = PBXBuildFile; fileRef = 2D75246E291A591D00289EAC /* PhotosUserCollectionViewCell.swift */; };
		2D8E671D29307FC90081D7DA /* VKTabBarController.swift in Sources */ = {isa = PBXBuildFile; fileRef = 2D8E671C29307FC90081D7DA /* VKTabBarController.swift */; };
		2D9371C0291D1BC90000F3E0 /* AnimatedFotoViewController.swift in Sources */ = {isa = PBXBuildFile; fileRef = 2D9371BF291D1BC90000F3E0 /* AnimatedFotoViewController.swift */; };
		2D9371C6291D1CAF0000F3E0 /* CustomInteractiveTransition.swift in Sources */ = {isa = PBXBuildFile; fileRef = 2D9371C2291D1CAF0000F3E0 /* CustomInteractiveTransition.swift */; };
		2D9371C7291D1CAF0000F3E0 /* CustomPushAnimator.swift in Sources */ = {isa = PBXBuildFile; fileRef = 2D9371C3291D1CAF0000F3E0 /* CustomPushAnimator.swift */; };
		2D9371C8291D1CAF0000F3E0 /* CustomPopAnimator.swift in Sources */ = {isa = PBXBuildFile; fileRef = 2D9371C4291D1CAF0000F3E0 /* CustomPopAnimator.swift */; };
		2D9371C9291D1CAF0000F3E0 /* CustomNavigationController.swift in Sources */ = {isa = PBXBuildFile; fileRef = 2D9371C5291D1CAF0000F3E0 /* CustomNavigationController.swift */; };
		2D9371CB291E0A460000F3E0 /* CustomNavigationController+Extension.swift in Sources */ = {isa = PBXBuildFile; fileRef = 2D9371CA291E0A460000F3E0 /* CustomNavigationController+Extension.swift */; };
		2D97DFBC291B670F00BC82AA /* NewsTableViewCell.swift in Sources */ = {isa = PBXBuildFile; fileRef = 2D97DFBB291B670F00BC82AA /* NewsTableViewCell.swift */; };
		2D97DFBE291B673100BC82AA /* NewsTableViewCell.xib in Resources */ = {isa = PBXBuildFile; fileRef = 2D97DFBD291B673100BC82AA /* NewsTableViewCell.xib */; };
		2D97DFC0291B673F00BC82AA /* NewsImageCollectionViewCell.swift in Sources */ = {isa = PBXBuildFile; fileRef = 2D97DFBF291B673F00BC82AA /* NewsImageCollectionViewCell.swift */; };
		2D97DFC2291B675100BC82AA /* NewsImageCollectionViewCell.xib in Resources */ = {isa = PBXBuildFile; fileRef = 2D97DFC1291B675100BC82AA /* NewsImageCollectionViewCell.xib */; };
		2D97DFC4291B67B800BC82AA /* NewsViewController.swift in Sources */ = {isa = PBXBuildFile; fileRef = 2D97DFC3291B67B800BC82AA /* NewsViewController.swift */; };
		2DBE0125291657CA00CE4E57 /* AppDelegate.swift in Sources */ = {isa = PBXBuildFile; fileRef = 2DBE0124291657CA00CE4E57 /* AppDelegate.swift */; };
		2DBE0127291657CA00CE4E57 /* SceneDelegate.swift in Sources */ = {isa = PBXBuildFile; fileRef = 2DBE0126291657CA00CE4E57 /* SceneDelegate.swift */; };
		2DBE0129291657CA00CE4E57 /* LoginViewController.swift in Sources */ = {isa = PBXBuildFile; fileRef = 2DBE0128291657CA00CE4E57 /* LoginViewController.swift */; };
		2DBE012C291657CA00CE4E57 /* Main.storyboard in Resources */ = {isa = PBXBuildFile; fileRef = 2DBE012A291657CA00CE4E57 /* Main.storyboard */; };
		2DBE012E291657CB00CE4E57 /* Assets.xcassets in Resources */ = {isa = PBXBuildFile; fileRef = 2DBE012D291657CB00CE4E57 /* Assets.xcassets */; };
		2DBE0131291657CB00CE4E57 /* LaunchScreen.storyboard in Resources */ = {isa = PBXBuildFile; fileRef = 2DBE012F291657CB00CE4E57 /* LaunchScreen.storyboard */; };
		2DBE013C2916645D00CE4E57 /* GroupUserTableViewController.swift in Sources */ = {isa = PBXBuildFile; fileRef = 2DBE013B2916645D00CE4E57 /* GroupUserTableViewController.swift */; };
		2DBE0140291664D500CE4E57 /* SearchGroupTableViewController.swift in Sources */ = {isa = PBXBuildFile; fileRef = 2DBE013F291664D500CE4E57 /* SearchGroupTableViewController.swift */; };
		2DBE01422916652500CE4E57 /* PhotosUserCollectionViewController.swift in Sources */ = {isa = PBXBuildFile; fileRef = 2DBE01412916652500CE4E57 /* PhotosUserCollectionViewController.swift */; };
		2DBE0145291949E600CE4E57 /* UIViewController+Extension.swift in Sources */ = {isa = PBXBuildFile; fileRef = 2DBE0144291949E600CE4E57 /* UIViewController+Extension.swift */; };
		2DC6D83A2934B44300529C2A /* VKNetworkService.swift in Sources */ = {isa = PBXBuildFile; fileRef = 2DC6D8392934B44300529C2A /* VKNetworkService.swift */; };
		2DC6D83E2934B8F900529C2A /* Session.swift in Sources */ = {isa = PBXBuildFile; fileRef = 2DC6D83D2934B8F900529C2A /* Session.swift */; };
		66E41D1263649870823CE101 /* Pods_VKClientRM.framework in Frameworks */ = {isa = PBXBuildFile; fileRef = 91C08AE456415C58F1500662 /* Pods_VKClientRM.framework */; };
/* End PBXBuildFile section */

/* Begin PBXFileReference section */
		10C62CC1FDA58C9018C777AB /* Pods-VKClientRM.release.xcconfig */ = {isa = PBXFileReference; includeInIndex = 1; lastKnownFileType = text.xcconfig; name = "Pods-VKClientRM.release.xcconfig"; path = "Target Support Files/Pods-VKClientRM/Pods-VKClientRM.release.xcconfig"; sourceTree = "<group>"; };
		2D2E4BC9294210330011D888 /* ItemPerson.swift */ = {isa = PBXFileReference; fileEncoding = 4; lastKnownFileType = sourcecode.swift; path = ItemPerson.swift; sourceTree = "<group>"; };
		2D2E4BCA294210330011D888 /* ResponsePerson.swift */ = {isa = PBXFileReference; fileEncoding = 4; lastKnownFileType = sourcecode.swift; path = ResponsePerson.swift; sourceTree = "<group>"; };
		2D2E4BCB294210330011D888 /* Person.swift */ = {isa = PBXFileReference; fileEncoding = 4; lastKnownFileType = sourcecode.swift; path = Person.swift; sourceTree = "<group>"; };
		2D2E4BCD294210340011D888 /* UsersGet.swift */ = {isa = PBXFileReference; fileEncoding = 4; lastKnownFileType = sourcecode.swift; path = UsersGet.swift; sourceTree = "<group>"; };
		2D2E4BCE294210340011D888 /* ResponseUsersGet.swift */ = {isa = PBXFileReference; fileEncoding = 4; lastKnownFileType = sourcecode.swift; path = ResponseUsersGet.swift; sourceTree = "<group>"; };
		2D2E4BD0294210340011D888 /* VKGroup.swift */ = {isa = PBXFileReference; fileEncoding = 4; lastKnownFileType = sourcecode.swift; path = VKGroup.swift; sourceTree = "<group>"; };
		2D2E4BD1294210340011D888 /* ResponseVKGroup.swift */ = {isa = PBXFileReference; fileEncoding = 4; lastKnownFileType = sourcecode.swift; path = ResponseVKGroup.swift; sourceTree = "<group>"; };
		2D2E4BD2294210340011D888 /* VKGroups.swift */ = {isa = PBXFileReference; fileEncoding = 4; lastKnownFileType = sourcecode.swift; path = VKGroups.swift; sourceTree = "<group>"; };
		2D2E4BD4294210340011D888 /* ItemPhoto.swift */ = {isa = PBXFileReference; fileEncoding = 4; lastKnownFileType = sourcecode.swift; path = ItemPhoto.swift; sourceTree = "<group>"; };
		2D2E4BD5294210340011D888 /* ResponsePhoto.swift */ = {isa = PBXFileReference; fileEncoding = 4; lastKnownFileType = sourcecode.swift; path = ResponsePhoto.swift; sourceTree = "<group>"; };
		2D2E4BD6294210340011D888 /* Photo.swift */ = {isa = PBXFileReference; fileEncoding = 4; lastKnownFileType = sourcecode.swift; path = Photo.swift; sourceTree = "<group>"; };
		2D2E4BD8294210340011D888 /* PurpleLikes.swift */ = {isa = PBXFileReference; fileEncoding = 4; lastKnownFileType = sourcecode.swift; path = PurpleLikes.swift; sourceTree = "<group>"; };
		2D2E4BD9294210340011D888 /* Photos.swift */ = {isa = PBXFileReference; fileEncoding = 4; lastKnownFileType = sourcecode.swift; path = Photos.swift; sourceTree = "<group>"; };
		2D2E4BDA294210340011D888 /* Size.swift */ = {isa = PBXFileReference; fileEncoding = 4; lastKnownFileType = sourcecode.swift; path = Size.swift; sourceTree = "<group>"; };
		2D2E4BDB294210340011D888 /* Newsfeed.swift */ = {isa = PBXFileReference; fileEncoding = 4; lastKnownFileType = sourcecode.swift; path = Newsfeed.swift; sourceTree = "<group>"; };
		2D2E4BDC294210340011D888 /* VKNews.swift */ = {isa = PBXFileReference; fileEncoding = 4; lastKnownFileType = sourcecode.swift; path = VKNews.swift; sourceTree = "<group>"; };
		2D2E4BDD294210340011D888 /* Views.swift */ = {isa = PBXFileReference; fileEncoding = 4; lastKnownFileType = sourcecode.swift; path = Views.swift; sourceTree = "<group>"; };
		2D2E4BDE294210340011D888 /* ResponseVKNews.swift */ = {isa = PBXFileReference; fileEncoding = 4; lastKnownFileType = sourcecode.swift; path = ResponseVKNews.swift; sourceTree = "<group>"; };
		2D2E4BDF294210340011D888 /* PhotosItem.swift */ = {isa = PBXFileReference; fileEncoding = 4; lastKnownFileType = sourcecode.swift; path = PhotosItem.swift; sourceTree = "<group>"; };
		2D2E4BF32942104F0011D888 /* News.swift */ = {isa = PBXFileReference; fileEncoding = 4; lastKnownFileType = sourcecode.swift; path = News.swift; sourceTree = "<group>"; };
		2D2E4BF6294214150011D888 /* HeaderNewsTableViewCell.swift */ = {isa = PBXFileReference; fileEncoding = 4; lastKnownFileType = sourcecode.swift; path = HeaderNewsTableViewCell.swift; sourceTree = "<group>"; };
		2D2E4BF7294214150011D888 /* PhotoNewsTableViewCell.swift */ = {isa = PBXFileReference; fileEncoding = 4; lastKnownFileType = sourcecode.swift; path = PhotoNewsTableViewCell.swift; sourceTree = "<group>"; };
		2D2E4BF8294214150011D888 /* HeaderNewsTableViewCell.xib */ = {isa = PBXFileReference; fileEncoding = 4; lastKnownFileType = file.xib; path = HeaderNewsTableViewCell.xib; sourceTree = "<group>"; };
		2D2E4BF9294214150011D888 /* FooterNewsTableViewCell.xib */ = {isa = PBXFileReference; fileEncoding = 4; lastKnownFileType = file.xib; path = FooterNewsTableViewCell.xib; sourceTree = "<group>"; };
		2D2E4BFA294214150011D888 /* PostNewsTableViewCell.xib */ = {isa = PBXFileReference; fileEncoding = 4; lastKnownFileType = file.xib; path = PostNewsTableViewCell.xib; sourceTree = "<group>"; };
		2D2E4BFB294214150011D888 /* PhotoNewsTableViewCell.xib */ = {isa = PBXFileReference; fileEncoding = 4; lastKnownFileType = file.xib; path = PhotoNewsTableViewCell.xib; sourceTree = "<group>"; };
		2D2E4BFC294214150011D888 /* FooterNewsTableViewCell.swift */ = {isa = PBXFileReference; fileEncoding = 4; lastKnownFileType = sourcecode.swift; path = FooterNewsTableViewCell.swift; sourceTree = "<group>"; };
		2D2E4BFD294214150011D888 /* PostNewsTableViewCell.swift */ = {isa = PBXFileReference; fileEncoding = 4; lastKnownFileType = sourcecode.swift; path = PostNewsTableViewCell.swift; sourceTree = "<group>"; };
		2D41B373292F2FC800F70446 /* WebViewLoginViewController.swift */ = {isa = PBXFileReference; lastKnownFileType = sourcecode.swift; path = WebViewLoginViewController.swift; sourceTree = "<group>"; };
		2D41B375292F30C300F70446 /* RealmService.swift */ = {isa = PBXFileReference; lastKnownFileType = sourcecode.swift; path = RealmService.swift; sourceTree = "<group>"; };
		2D493728293784A4008982C4 /* UIImageView+Extension.swift */ = {isa = PBXFileReference; lastKnownFileType = sourcecode.swift; path = "UIImageView+Extension.swift"; sourceTree = "<group>"; };
		2D6AEF40291A621800D7D449 /* GroupUserTableViewCell..swift */ = {isa = PBXFileReference; lastKnownFileType = sourcecode.swift; path = GroupUserTableViewCell..swift; sourceTree = "<group>"; };
		2D6AEF42291A623600D7D449 /* SearchGroupTableViewCell.swift */ = {isa = PBXFileReference; lastKnownFileType = sourcecode.swift; path = SearchGroupTableViewCell.swift; sourceTree = "<group>"; };
		2D6AEF45291A626F00D7D449 /* LikeControl.swift */ = {isa = PBXFileReference; lastKnownFileType = sourcecode.swift; path = LikeControl.swift; sourceTree = "<group>"; };
		2D6C00C429443BF100D5140C /* DateFormatter+Extension.swift */ = {isa = PBXFileReference; lastKnownFileType = sourcecode.swift; path = "DateFormatter+Extension.swift"; sourceTree = "<group>"; };
		2D6C00C72945894700D5140C /* AsyncOperation.swift */ = {isa = PBXFileReference; lastKnownFileType = sourcecode.swift; path = AsyncOperation.swift; sourceTree = "<group>"; };
		2D6C00C92945898100D5140C /* GetDataOperation.swift */ = {isa = PBXFileReference; lastKnownFileType = sourcecode.swift; path = GetDataOperation.swift; sourceTree = "<group>"; };
		2D6C00CB294589B100D5140C /* ParseDataOperation.swift */ = {isa = PBXFileReference; lastKnownFileType = sourcecode.swift; path = ParseDataOperation.swift; sourceTree = "<group>"; };
		2D6C00CD294589D800D5140C /* SaveDataOperation.swift */ = {isa = PBXFileReference; lastKnownFileType = sourcecode.swift; path = SaveDataOperation.swift; sourceTree = "<group>"; };
		2D7013B3294AC21E00FB327E /* PhotoService+Extension.swift */ = {isa = PBXFileReference; lastKnownFileType = sourcecode.swift; path = "PhotoService+Extension.swift"; sourceTree = "<group>"; };
		2D7013B5294ADA1300FB327E /* PhotoService.swift */ = {isa = PBXFileReference; lastKnownFileType = sourcecode.swift; path = PhotoService.swift; sourceTree = "<group>"; };
		2D7013B7294EDFB100FB327E /* DataReloadable.swift */ = {isa = PBXFileReference; lastKnownFileType = sourcecode.swift; path = DataReloadable.swift; sourceTree = "<group>"; };
		2D752460291A4E9900289EAC /* ShadowView.swift */ = {isa = PBXFileReference; fileEncoding = 4; lastKnownFileType = sourcecode.swift; path = ShadowView.swift; sourceTree = "<group>"; };
		2D752467291A588F00289EAC /* FriendsUserViewController.swift */ = {isa = PBXFileReference; lastKnownFileType = sourcecode.swift; path = FriendsUserViewController.swift; sourceTree = "<group>"; };
		2D75246A291A58C700289EAC /* FriendsUserTableViewCell.swift */ = {isa = PBXFileReference; lastKnownFileType = sourcecode.swift; path = FriendsUserTableViewCell.swift; sourceTree = "<group>"; };
		2D75246C291A58FF00289EAC /* CharacterSetControl.swift */ = {isa = PBXFileReference; lastKnownFileType = sourcecode.swift; path = CharacterSetControl.swift; sourceTree = "<group>"; };
		2D75246E291A591D00289EAC /* PhotosUserCollectionViewCell.swift */ = {isa = PBXFileReference; lastKnownFileType = sourcecode.swift; path = PhotosUserCollectionViewCell.swift; sourceTree = "<group>"; };
		2D8E671C29307FC90081D7DA /* VKTabBarController.swift */ = {isa = PBXFileReference; lastKnownFileType = sourcecode.swift; path = VKTabBarController.swift; sourceTree = "<group>"; };
		2D9371BF291D1BC90000F3E0 /* AnimatedFotoViewController.swift */ = {isa = PBXFileReference; lastKnownFileType = sourcecode.swift; path = AnimatedFotoViewController.swift; sourceTree = "<group>"; };
		2D9371C2291D1CAF0000F3E0 /* CustomInteractiveTransition.swift */ = {isa = PBXFileReference; fileEncoding = 4; lastKnownFileType = sourcecode.swift; path = CustomInteractiveTransition.swift; sourceTree = "<group>"; };
		2D9371C3291D1CAF0000F3E0 /* CustomPushAnimator.swift */ = {isa = PBXFileReference; fileEncoding = 4; lastKnownFileType = sourcecode.swift; path = CustomPushAnimator.swift; sourceTree = "<group>"; };
		2D9371C4291D1CAF0000F3E0 /* CustomPopAnimator.swift */ = {isa = PBXFileReference; fileEncoding = 4; lastKnownFileType = sourcecode.swift; path = CustomPopAnimator.swift; sourceTree = "<group>"; };
		2D9371C5291D1CAF0000F3E0 /* CustomNavigationController.swift */ = {isa = PBXFileReference; fileEncoding = 4; lastKnownFileType = sourcecode.swift; path = CustomNavigationController.swift; sourceTree = "<group>"; };
		2D9371CA291E0A460000F3E0 /* CustomNavigationController+Extension.swift */ = {isa = PBXFileReference; lastKnownFileType = sourcecode.swift; path = "CustomNavigationController+Extension.swift"; sourceTree = "<group>"; };
		2D97DFBB291B670F00BC82AA /* NewsTableViewCell.swift */ = {isa = PBXFileReference; lastKnownFileType = sourcecode.swift; path = NewsTableViewCell.swift; sourceTree = "<group>"; };
		2D97DFBD291B673100BC82AA /* NewsTableViewCell.xib */ = {isa = PBXFileReference; fileEncoding = 4; lastKnownFileType = file.xib; path = NewsTableViewCell.xib; sourceTree = "<group>"; };
		2D97DFBF291B673F00BC82AA /* NewsImageCollectionViewCell.swift */ = {isa = PBXFileReference; lastKnownFileType = sourcecode.swift; path = NewsImageCollectionViewCell.swift; sourceTree = "<group>"; };
		2D97DFC1291B675100BC82AA /* NewsImageCollectionViewCell.xib */ = {isa = PBXFileReference; fileEncoding = 4; lastKnownFileType = file.xib; path = NewsImageCollectionViewCell.xib; sourceTree = "<group>"; };
		2D97DFC3291B67B800BC82AA /* NewsViewController.swift */ = {isa = PBXFileReference; lastKnownFileType = sourcecode.swift; path = NewsViewController.swift; sourceTree = "<group>"; };
		2DBE0121291657CA00CE4E57 /* VKClientRM.app */ = {isa = PBXFileReference; explicitFileType = wrapper.application; includeInIndex = 0; path = VKClientRM.app; sourceTree = BUILT_PRODUCTS_DIR; };
		2DBE0124291657CA00CE4E57 /* AppDelegate.swift */ = {isa = PBXFileReference; lastKnownFileType = sourcecode.swift; path = AppDelegate.swift; sourceTree = "<group>"; };
		2DBE0126291657CA00CE4E57 /* SceneDelegate.swift */ = {isa = PBXFileReference; lastKnownFileType = sourcecode.swift; path = SceneDelegate.swift; sourceTree = "<group>"; };
		2DBE0128291657CA00CE4E57 /* LoginViewController.swift */ = {isa = PBXFileReference; lastKnownFileType = sourcecode.swift; path = LoginViewController.swift; sourceTree = "<group>"; };
		2DBE012B291657CA00CE4E57 /* Base */ = {isa = PBXFileReference; lastKnownFileType = file.storyboard; name = Base; path = Base.lproj/Main.storyboard; sourceTree = "<group>"; };
		2DBE012D291657CB00CE4E57 /* Assets.xcassets */ = {isa = PBXFileReference; lastKnownFileType = folder.assetcatalog; path = Assets.xcassets; sourceTree = "<group>"; };
		2DBE0130291657CB00CE4E57 /* Base */ = {isa = PBXFileReference; lastKnownFileType = file.storyboard; name = Base; path = Base.lproj/LaunchScreen.storyboard; sourceTree = "<group>"; };
		2DBE0132291657CB00CE4E57 /* Info.plist */ = {isa = PBXFileReference; lastKnownFileType = text.plist.xml; path = Info.plist; sourceTree = "<group>"; };
		2DBE013B2916645D00CE4E57 /* GroupUserTableViewController.swift */ = {isa = PBXFileReference; lastKnownFileType = sourcecode.swift; path = GroupUserTableViewController.swift; sourceTree = "<group>"; };
		2DBE013F291664D500CE4E57 /* SearchGroupTableViewController.swift */ = {isa = PBXFileReference; lastKnownFileType = sourcecode.swift; path = SearchGroupTableViewController.swift; sourceTree = "<group>"; };
		2DBE01412916652500CE4E57 /* PhotosUserCollectionViewController.swift */ = {isa = PBXFileReference; lastKnownFileType = sourcecode.swift; path = PhotosUserCollectionViewController.swift; sourceTree = "<group>"; };
		2DBE0144291949E600CE4E57 /* UIViewController+Extension.swift */ = {isa = PBXFileReference; lastKnownFileType = sourcecode.swift; path = "UIViewController+Extension.swift"; sourceTree = "<group>"; };
		2DC6D8392934B44300529C2A /* VKNetworkService.swift */ = {isa = PBXFileReference; lastKnownFileType = sourcecode.swift; path = VKNetworkService.swift; sourceTree = "<group>"; };
		2DC6D83D2934B8F900529C2A /* Session.swift */ = {isa = PBXFileReference; lastKnownFileType = sourcecode.swift; path = Session.swift; sourceTree = "<group>"; };
		91C08AE456415C58F1500662 /* Pods_VKClientRM.framework */ = {isa = PBXFileReference; explicitFileType = wrapper.framework; includeInIndex = 0; path = Pods_VKClientRM.framework; sourceTree = BUILT_PRODUCTS_DIR; };
		DAE71AF6223E991ABB88F6AC /* Pods-VKClientRM.debug.xcconfig */ = {isa = PBXFileReference; includeInIndex = 1; lastKnownFileType = text.xcconfig; name = "Pods-VKClientRM.debug.xcconfig"; path = "Target Support Files/Pods-VKClientRM/Pods-VKClientRM.debug.xcconfig"; sourceTree = "<group>"; };
/* End PBXFileReference section */

/* Begin PBXFrameworksBuildPhase section */
		2DBE011E291657CA00CE4E57 /* Frameworks */ = {
			isa = PBXFrameworksBuildPhase;
			buildActionMask = 2147483647;
			files = (
				66E41D1263649870823CE101 /* Pods_VKClientRM.framework in Frameworks */,
			);
			runOnlyForDeploymentPostprocessing = 0;
		};
/* End PBXFrameworksBuildPhase section */

/* Begin PBXGroup section */
		2D2E4BC8294210330011D888 /* Person */ = {
			isa = PBXGroup;
			children = (
				2D2E4BC9294210330011D888 /* ItemPerson.swift */,
				2D2E4BCA294210330011D888 /* ResponsePerson.swift */,
				2D2E4BCB294210330011D888 /* Person.swift */,
			);
			path = Person;
			sourceTree = "<group>";
		};
		2D2E4BCC294210340011D888 /* UsersGet */ = {
			isa = PBXGroup;
			children = (
				2D2E4BCD294210340011D888 /* UsersGet.swift */,
				2D2E4BCE294210340011D888 /* ResponseUsersGet.swift */,
			);
			path = UsersGet;
			sourceTree = "<group>";
		};
		2D2E4BCF294210340011D888 /* VKGroup */ = {
			isa = PBXGroup;
			children = (
				2D2E4BD0294210340011D888 /* VKGroup.swift */,
				2D2E4BD1294210340011D888 /* ResponseVKGroup.swift */,
				2D2E4BD2294210340011D888 /* VKGroups.swift */,
			);
			path = VKGroup;
			sourceTree = "<group>";
		};
		2D2E4BD3294210340011D888 /* Photo */ = {
			isa = PBXGroup;
			children = (
				2D2E4BD4294210340011D888 /* ItemPhoto.swift */,
				2D2E4BD5294210340011D888 /* ResponsePhoto.swift */,
				2D2E4BD6294210340011D888 /* Photo.swift */,
			);
			path = Photo;
			sourceTree = "<group>";
		};
		2D2E4BD7294210340011D888 /* newsfeedGet */ = {
			isa = PBXGroup;
			children = (
				2D2E4BD8294210340011D888 /* PurpleLikes.swift */,
				2D2E4BD9294210340011D888 /* Photos.swift */,
				2D2E4BDA294210340011D888 /* Size.swift */,
				2D2E4BDB294210340011D888 /* Newsfeed.swift */,
				2D2E4BDC294210340011D888 /* VKNews.swift */,
				2D2E4BDD294210340011D888 /* Views.swift */,
				2D2E4BDE294210340011D888 /* ResponseVKNews.swift */,
				2D2E4BDF294210340011D888 /* PhotosItem.swift */,
			);
			path = newsfeedGet;
			sourceTree = "<group>";
		};
		2D2E4BF5294214150011D888 /* News */ = {
			isa = PBXGroup;
			children = (
				2D2E4BF6294214150011D888 /* HeaderNewsTableViewCell.swift */,
				2D2E4BF7294214150011D888 /* PhotoNewsTableViewCell.swift */,
				2D2E4BF8294214150011D888 /* HeaderNewsTableViewCell.xib */,
				2D2E4BF9294214150011D888 /* FooterNewsTableViewCell.xib */,
				2D2E4BFA294214150011D888 /* PostNewsTableViewCell.xib */,
				2D2E4BFB294214150011D888 /* PhotoNewsTableViewCell.xib */,
				2D2E4BFC294214150011D888 /* FooterNewsTableViewCell.swift */,
				2D2E4BFD294214150011D888 /* PostNewsTableViewCell.swift */,
			);
			path = News;
			sourceTree = "<group>";
		};
		2D41B370292E0A6300F70446 /* Hellper */ = {
			isa = PBXGroup;
			children = (
				2D41B375292F30C300F70446 /* RealmService.swift */,
				2DC6D83D2934B8F900529C2A /* Session.swift */,
				2DC6D8392934B44300529C2A /* VKNetworkService.swift */,
				2D7013B5294ADA1300FB327E /* PhotoService.swift */,
				2D7013B7294EDFB100FB327E /* DataReloadable.swift */,
			);
			path = Hellper;
			sourceTree = "<group>";
		};
		2D6AEF44291A624000D7D449 /* VIew */ = {
			isa = PBXGroup;
			children = (
				2D752460291A4E9900289EAC /* ShadowView.swift */,
				2D75246C291A58FF00289EAC /* CharacterSetControl.swift */,
				2D6AEF45291A626F00D7D449 /* LikeControl.swift */,
			);
			path = VIew;
			sourceTree = "<group>";
		};
		2D6C00C62945892000D5140C /* Operation */ = {
			isa = PBXGroup;
			children = (
				2D6C00C72945894700D5140C /* AsyncOperation.swift */,
				2D6C00C92945898100D5140C /* GetDataOperation.swift */,
				2D6C00CB294589B100D5140C /* ParseDataOperation.swift */,
				2D6C00CD294589D800D5140C /* SaveDataOperation.swift */,
			);
			path = Operation;
			sourceTree = "<group>";
		};
		2D752462291A584000289EAC /* Model */ = {
			isa = PBXGroup;
			children = (
				2D2E4BF32942104F0011D888 /* News.swift */,
				2D2E4BD7294210340011D888 /* newsfeedGet */,
				2D2E4BC8294210330011D888 /* Person */,
				2D2E4BD3294210340011D888 /* Photo */,
				2D2E4BCC294210340011D888 /* UsersGet */,
				2D2E4BCF294210340011D888 /* VKGroup */,
			);
			path = Model;
			sourceTree = "<group>";
		};
		2D752469291A58B800289EAC /* Cell */ = {
			isa = PBXGroup;
			children = (
				2D2E4BF5294214150011D888 /* News */,
				2D75246A291A58C700289EAC /* FriendsUserTableViewCell.swift */,
				2D75246E291A591D00289EAC /* PhotosUserCollectionViewCell.swift */,
				2D6AEF40291A621800D7D449 /* GroupUserTableViewCell..swift */,
				2D6AEF42291A623600D7D449 /* SearchGroupTableViewCell.swift */,
				2D97DFBB291B670F00BC82AA /* NewsTableViewCell.swift */,
				2D97DFBD291B673100BC82AA /* NewsTableViewCell.xib */,
				2D97DFBF291B673F00BC82AA /* NewsImageCollectionViewCell.swift */,
				2D97DFC1291B675100BC82AA /* NewsImageCollectionViewCell.xib */,
			);
			path = Cell;
			sourceTree = "<group>";
		};
		2D9371C1291D1CAF0000F3E0 /* CustomUIComponents */ = {
			isa = PBXGroup;
			children = (
				2D9371C2291D1CAF0000F3E0 /* CustomInteractiveTransition.swift */,
				2D9371C3291D1CAF0000F3E0 /* CustomPushAnimator.swift */,
				2D9371C4291D1CAF0000F3E0 /* CustomPopAnimator.swift */,
				2D9371C5291D1CAF0000F3E0 /* CustomNavigationController.swift */,
			);
			path = CustomUIComponents;
			sourceTree = "<group>";
		};
		2DBE0118291657CA00CE4E57 = {
			isa = PBXGroup;
			children = (
				2DBE0123291657CA00CE4E57 /* VKClientRM */,
				2DBE0122291657CA00CE4E57 /* Products */,
				87EFDD1A32A2585E70A6C31D /* Pods */,
				556CB2170418671E079945B4 /* Frameworks */,
			);
			sourceTree = "<group>";
		};
		2DBE0122291657CA00CE4E57 /* Products */ = {
			isa = PBXGroup;
			children = (
				2DBE0121291657CA00CE4E57 /* VKClientRM.app */,
			);
			name = Products;
			sourceTree = "<group>";
		};
		2DBE0123291657CA00CE4E57 /* VKClientRM */ = {
			isa = PBXGroup;
			children = (
				2D6C00C62945892000D5140C /* Operation */,
				2D41B370292E0A6300F70446 /* Hellper */,
				2D9371C1291D1CAF0000F3E0 /* CustomUIComponents */,
				2D6AEF44291A624000D7D449 /* VIew */,
				2D752469291A58B800289EAC /* Cell */,
				2D752462291A584000289EAC /* Model */,
				2DBE01432919498C00CE4E57 /* Exttension */,
				2DBE013A2916644300CE4E57 /* Controllers */,
				2DBE0124291657CA00CE4E57 /* AppDelegate.swift */,
				2DBE0126291657CA00CE4E57 /* SceneDelegate.swift */,
				2DBE012A291657CA00CE4E57 /* Main.storyboard */,
				2DBE012D291657CB00CE4E57 /* Assets.xcassets */,
				2DBE012F291657CB00CE4E57 /* LaunchScreen.storyboard */,
				2DBE0132291657CB00CE4E57 /* Info.plist */,
			);
			path = VKClientRM;
			sourceTree = "<group>";
		};
		2DBE013A2916644300CE4E57 /* Controllers */ = {
			isa = PBXGroup;
			children = (
				2DBE0128291657CA00CE4E57 /* LoginViewController.swift */,
				2DBE013B2916645D00CE4E57 /* GroupUserTableViewController.swift */,
				2DBE013F291664D500CE4E57 /* SearchGroupTableViewController.swift */,
				2DBE01412916652500CE4E57 /* PhotosUserCollectionViewController.swift */,
				2D752467291A588F00289EAC /* FriendsUserViewController.swift */,
				2D97DFC3291B67B800BC82AA /* NewsViewController.swift */,
				2D9371BF291D1BC90000F3E0 /* AnimatedFotoViewController.swift */,
				2D41B373292F2FC800F70446 /* WebViewLoginViewController.swift */,
				2D8E671C29307FC90081D7DA /* VKTabBarController.swift */,
			);
			path = Controllers;
			sourceTree = "<group>";
		};
		2DBE01432919498C00CE4E57 /* Exttension */ = {
			isa = PBXGroup;
			children = (
				2DBE0144291949E600CE4E57 /* UIViewController+Extension.swift */,
				2D9371CA291E0A460000F3E0 /* CustomNavigationController+Extension.swift */,
				2D493728293784A4008982C4 /* UIImageView+Extension.swift */,
				2D6C00C429443BF100D5140C /* DateFormatter+Extension.swift */,
				2D7013B3294AC21E00FB327E /* PhotoService+Extension.swift */,
			);
			path = Exttension;
			sourceTree = "<group>";
		};
		556CB2170418671E079945B4 /* Frameworks */ = {
			isa = PBXGroup;
			children = (
				91C08AE456415C58F1500662 /* Pods_VKClientRM.framework */,
			);
			name = Frameworks;
			sourceTree = "<group>";
		};
		87EFDD1A32A2585E70A6C31D /* Pods */ = {
			isa = PBXGroup;
			children = (
				DAE71AF6223E991ABB88F6AC /* Pods-VKClientRM.debug.xcconfig */,
				10C62CC1FDA58C9018C777AB /* Pods-VKClientRM.release.xcconfig */,
			);
			path = Pods;
			sourceTree = "<group>";
		};
/* End PBXGroup section */

/* Begin PBXNativeTarget section */
		2DBE0120291657CA00CE4E57 /* VKClientRM */ = {
			isa = PBXNativeTarget;
			buildConfigurationList = 2DBE0135291657CB00CE4E57 /* Build configuration list for PBXNativeTarget "VKClientRM" */;
			buildPhases = (
				C489D73A1F7B4D5B80C97925 /* [CP] Check Pods Manifest.lock */,
				2DBE011D291657CA00CE4E57 /* Sources */,
				2DBE011E291657CA00CE4E57 /* Frameworks */,
				2DBE011F291657CA00CE4E57 /* Resources */,
				2D4CB2D4291A2BA200410459 /* SwiftFormat */,
				2DBE01382916584000CE4E57 /* SwiftLint */,
				9B30B02AE5195AEBA374F552 /* [CP] Embed Pods Frameworks */,
			);
			buildRules = (
			);
			dependencies = (
			);
			name = VKClientRM;
			productName = VKClientRM;
			productReference = 2DBE0121291657CA00CE4E57 /* VKClientRM.app */;
			productType = "com.apple.product-type.application";
		};
/* End PBXNativeTarget section */

/* Begin PBXProject section */
		2DBE0119291657CA00CE4E57 /* Project object */ = {
			isa = PBXProject;
			attributes = {
				BuildIndependentTargetsInParallel = 1;
				LastSwiftUpdateCheck = 1400;
				LastUpgradeCheck = 1400;
				TargetAttributes = {
					2DBE0120291657CA00CE4E57 = {
						CreatedOnToolsVersion = 14.0.1;
					};
				};
			};
			buildConfigurationList = 2DBE011C291657CA00CE4E57 /* Build configuration list for PBXProject "VKClientRM" */;
			compatibilityVersion = "Xcode 14.0";
			developmentRegion = en;
			hasScannedForEncodings = 0;
			knownRegions = (
				en,
				Base,
			);
			mainGroup = 2DBE0118291657CA00CE4E57;
			productRefGroup = 2DBE0122291657CA00CE4E57 /* Products */;
			projectDirPath = "";
			projectRoot = "";
			targets = (
				2DBE0120291657CA00CE4E57 /* VKClientRM */,
			);
		};
/* End PBXProject section */

/* Begin PBXResourcesBuildPhase section */
		2DBE011F291657CA00CE4E57 /* Resources */ = {
			isa = PBXResourcesBuildPhase;
			buildActionMask = 2147483647;
			files = (
				2D2E4C02294214150011D888 /* PostNewsTableViewCell.xib in Resources */,
				2DBE0131291657CB00CE4E57 /* LaunchScreen.storyboard in Resources */,
				2DBE012E291657CB00CE4E57 /* Assets.xcassets in Resources */,
				2D97DFBE291B673100BC82AA /* NewsTableViewCell.xib in Resources */,
				2DBE012C291657CA00CE4E57 /* Main.storyboard in Resources */,
				2D2E4C01294214150011D888 /* FooterNewsTableViewCell.xib in Resources */,
				2D97DFC2291B675100BC82AA /* NewsImageCollectionViewCell.xib in Resources */,
				2D2E4C03294214150011D888 /* PhotoNewsTableViewCell.xib in Resources */,
				2D2E4C00294214150011D888 /* HeaderNewsTableViewCell.xib in Resources */,
			);
			runOnlyForDeploymentPostprocessing = 0;
		};
/* End PBXResourcesBuildPhase section */

/* Begin PBXShellScriptBuildPhase section */
		2D4CB2D4291A2BA200410459 /* SwiftFormat */ = {
			isa = PBXShellScriptBuildPhase;
			alwaysOutOfDate = 1;
			buildActionMask = 2147483647;
			files = (
			);
			inputFileListPaths = (
			);
			inputPaths = (
			);
			name = SwiftFormat;
			outputFileListPaths = (
			);
			outputPaths = (
			);
			runOnlyForDeploymentPostprocessing = 0;
			shellPath = /bin/sh;
			shellScript = " export PATH=/Users/dimakovrigin/.mint/bin:$PATH\n\n\n";
		};
		2DBE01382916584000CE4E57 /* SwiftLint */ = {
			isa = PBXShellScriptBuildPhase;
			buildActionMask = 2147483647;
			files = (
			);
			inputFileListPaths = (
			);
			inputPaths = (
			);
			name = SwiftLint;
			outputFileListPaths = (
			);
			outputPaths = (
			);
			runOnlyForDeploymentPostprocessing = 0;
			shellPath = /bin/sh;
			shellScript = " export PATH=/opt/homebrew/bin:$PATH\n\n\n";
		};
		9B30B02AE5195AEBA374F552 /* [CP] Embed Pods Frameworks */ = {
			isa = PBXShellScriptBuildPhase;
			buildActionMask = 2147483647;
			files = (
			);
			inputFileListPaths = (
				"${PODS_ROOT}/Target Support Files/Pods-VKClientRM/Pods-VKClientRM-frameworks-${CONFIGURATION}-input-files.xcfilelist",
			);
			name = "[CP] Embed Pods Frameworks";
			outputFileListPaths = (
				"${PODS_ROOT}/Target Support Files/Pods-VKClientRM/Pods-VKClientRM-frameworks-${CONFIGURATION}-output-files.xcfilelist",
			);
			runOnlyForDeploymentPostprocessing = 0;
			shellPath = /bin/sh;
			shellScript = "\"${PODS_ROOT}/Target Support Files/Pods-VKClientRM/Pods-VKClientRM-frameworks.sh\"\n";
			showEnvVarsInLog = 0;
		};
		C489D73A1F7B4D5B80C97925 /* [CP] Check Pods Manifest.lock */ = {
			isa = PBXShellScriptBuildPhase;
			buildActionMask = 2147483647;
			files = (
			);
			inputFileListPaths = (
			);
			inputPaths = (
				"${PODS_PODFILE_DIR_PATH}/Podfile.lock",
				"${PODS_ROOT}/Manifest.lock",
			);
			name = "[CP] Check Pods Manifest.lock";
			outputFileListPaths = (
			);
			outputPaths = (
				"$(DERIVED_FILE_DIR)/Pods-VKClientRM-checkManifestLockResult.txt",
			);
			runOnlyForDeploymentPostprocessing = 0;
			shellPath = /bin/sh;
			shellScript = "diff \"${PODS_PODFILE_DIR_PATH}/Podfile.lock\" \"${PODS_ROOT}/Manifest.lock\" > /dev/null\nif [ $? != 0 ] ; then\n    # print error to STDERR\n    echo \"error: The sandbox is not in sync with the Podfile.lock. Run 'pod install' or update your CocoaPods installation.\" >&2\n    exit 1\nfi\n# This output is used by Xcode 'outputs' to avoid re-running this script phase.\necho \"SUCCESS\" > \"${SCRIPT_OUTPUT_FILE_0}\"\n";
			showEnvVarsInLog = 0;
		};
/* End PBXShellScriptBuildPhase section */

/* Begin PBXSourcesBuildPhase section */
		2DBE011D291657CA00CE4E57 /* Sources */ = {
			isa = PBXSourcesBuildPhase;
			buildActionMask = 2147483647;
			files = (
				2D2E4BE1294210340011D888 /* ResponsePerson.swift in Sources */,
				2D9371C6291D1CAF0000F3E0 /* CustomInteractiveTransition.swift in Sources */,
				2D9371CB291E0A460000F3E0 /* CustomNavigationController+Extension.swift in Sources */,
				2D2E4BFE294214150011D888 /* HeaderNewsTableViewCell.swift in Sources */,
				2D8E671D29307FC90081D7DA /* VKTabBarController.swift in Sources */,
				2D2E4BEF294210340011D888 /* VKNews.swift in Sources */,
				2D6C00C82945894700D5140C /* AsyncOperation.swift in Sources */,
				2D2E4BEC294210340011D888 /* Photos.swift in Sources */,
				2D752461291A4E9900289EAC /* ShadowView.swift in Sources */,
				2D6C00C529443BF100D5140C /* DateFormatter+Extension.swift in Sources */,
				2DBE0145291949E600CE4E57 /* UIViewController+Extension.swift in Sources */,
				2D2E4C04294214150011D888 /* FooterNewsTableViewCell.swift in Sources */,
				2D2E4BE2294210340011D888 /* Person.swift in Sources */,
				2D75246B291A58C700289EAC /* FriendsUserTableViewCell.swift in Sources */,
				2DBE013C2916645D00CE4E57 /* GroupUserTableViewController.swift in Sources */,
				2D752468291A588F00289EAC /* FriendsUserViewController.swift in Sources */,
				2D6C00CE294589D800D5140C /* SaveDataOperation.swift in Sources */,
				2D9371C0291D1BC90000F3E0 /* AnimatedFotoViewController.swift in Sources */,
				2D97DFC0291B673F00BC82AA /* NewsImageCollectionViewCell.swift in Sources */,
				2D41B376292F30C300F70446 /* RealmService.swift in Sources */,
				2DBE0129291657CA00CE4E57 /* LoginViewController.swift in Sources */,
				2D2E4BFF294214150011D888 /* PhotoNewsTableViewCell.swift in Sources */,
				2D9371C7291D1CAF0000F3E0 /* CustomPushAnimator.swift in Sources */,
				2D75246F291A591D00289EAC /* PhotosUserCollectionViewCell.swift in Sources */,
				2D2E4BF42942104F0011D888 /* News.swift in Sources */,
				2D2E4BF0294210340011D888 /* Views.swift in Sources */,
				2D2E4BE7294210340011D888 /* VKGroups.swift in Sources */,
				2DBE0125291657CA00CE4E57 /* AppDelegate.swift in Sources */,
				2D9371C9291D1CAF0000F3E0 /* CustomNavigationController.swift in Sources */,
				2D6C00CA2945898100D5140C /* GetDataOperation.swift in Sources */,
				2D7013B8294EDFB100FB327E /* DataReloadable.swift in Sources */,
				2D2E4BED294210340011D888 /* Size.swift in Sources */,
				2D2E4BF2294210340011D888 /* PhotosItem.swift in Sources */,
				2D2E4BF1294210340011D888 /* ResponseVKNews.swift in Sources */,
				2D2E4BE8294210340011D888 /* ItemPhoto.swift in Sources */,
				2D6AEF41291A621800D7D449 /* GroupUserTableViewCell..swift in Sources */,
				2DBE0127291657CA00CE4E57 /* SceneDelegate.swift in Sources */,
				2D6AEF46291A626F00D7D449 /* LikeControl.swift in Sources */,
				2D2E4BE9294210340011D888 /* ResponsePhoto.swift in Sources */,
				2D2E4BEE294210340011D888 /* Newsfeed.swift in Sources */,
				2D2E4BE3294210340011D888 /* UsersGet.swift in Sources */,
				2D2E4BE4294210340011D888 /* ResponseUsersGet.swift in Sources */,
				2DC6D83A2934B44300529C2A /* VKNetworkService.swift in Sources */,
				2DBE01422916652500CE4E57 /* PhotosUserCollectionViewController.swift in Sources */,
				2D2E4BE0294210340011D888 /* ItemPerson.swift in Sources */,
				2D2E4BE5294210340011D888 /* VKGroup.swift in Sources */,
				2D75246D291A58FF00289EAC /* CharacterSetControl.swift in Sources */,
				2DBE0140291664D500CE4E57 /* SearchGroupTableViewController.swift in Sources */,
				2D97DFC4291B67B800BC82AA /* NewsViewController.swift in Sources */,
				2D6AEF43291A623600D7D449 /* SearchGroupTableViewCell.swift in Sources */,
				2DC6D83E2934B8F900529C2A /* Session.swift in Sources */,
				2D9371C8291D1CAF0000F3E0 /* CustomPopAnimator.swift in Sources */,
				2D41B374292F2FC800F70446 /* WebViewLoginViewController.swift in Sources */,
				2D7013B6294ADA1300FB327E /* PhotoService.swift in Sources */,
				2D2E4C05294214150011D888 /* PostNewsTableViewCell.swift in Sources */,
				2D2E4BEA294210340011D888 /* Photo.swift in Sources */,
				2D2E4BEB294210340011D888 /* PurpleLikes.swift in Sources */,
				2D2E4BE6294210340011D888 /* ResponseVKGroup.swift in Sources */,
				2D493729293784A4008982C4 /* UIImageView+Extension.swift in Sources */,
				2D97DFBC291B670F00BC82AA /* NewsTableViewCell.swift in Sources */,
				2D7013B4294AC21E00FB327E /* PhotoService+Extension.swift in Sources */,
				2D6C00CC294589B100D5140C /* ParseDataOperation.swift in Sources */,
			);
			runOnlyForDeploymentPostprocessing = 0;
		};
/* End PBXSourcesBuildPhase section */

/* Begin PBXVariantGroup section */
		2DBE012A291657CA00CE4E57 /* Main.storyboard */ = {
			isa = PBXVariantGroup;
			children = (
				2DBE012B291657CA00CE4E57 /* Base */,
			);
			name = Main.storyboard;
			sourceTree = "<group>";
		};
		2DBE012F291657CB00CE4E57 /* LaunchScreen.storyboard */ = {
			isa = PBXVariantGroup;
			children = (
				2DBE0130291657CB00CE4E57 /* Base */,
			);
			name = LaunchScreen.storyboard;
			sourceTree = "<group>";
		};
/* End PBXVariantGroup section */

/* Begin XCBuildConfiguration section */
		2DBE0133291657CB00CE4E57 /* Debug */ = {
			isa = XCBuildConfiguration;
			buildSettings = {
				ALWAYS_SEARCH_USER_PATHS = NO;
				CLANG_ANALYZER_NONNULL = YES;
				CLANG_ANALYZER_NUMBER_OBJECT_CONVERSION = YES_AGGRESSIVE;
				CLANG_CXX_LANGUAGE_STANDARD = "gnu++20";
				CLANG_ENABLE_MODULES = YES;
				CLANG_ENABLE_OBJC_ARC = YES;
				CLANG_ENABLE_OBJC_WEAK = YES;
				CLANG_WARN_BLOCK_CAPTURE_AUTORELEASING = YES;
				CLANG_WARN_BOOL_CONVERSION = YES;
				CLANG_WARN_COMMA = YES;
				CLANG_WARN_CONSTANT_CONVERSION = YES;
				CLANG_WARN_DEPRECATED_OBJC_IMPLEMENTATIONS = YES;
				CLANG_WARN_DIRECT_OBJC_ISA_USAGE = YES_ERROR;
				CLANG_WARN_DOCUMENTATION_COMMENTS = YES;
				CLANG_WARN_EMPTY_BODY = YES;
				CLANG_WARN_ENUM_CONVERSION = YES;
				CLANG_WARN_INFINITE_RECURSION = YES;
				CLANG_WARN_INT_CONVERSION = YES;
				CLANG_WARN_NON_LITERAL_NULL_CONVERSION = YES;
				CLANG_WARN_OBJC_IMPLICIT_RETAIN_SELF = YES;
				CLANG_WARN_OBJC_LITERAL_CONVERSION = YES;
				CLANG_WARN_OBJC_ROOT_CLASS = YES_ERROR;
				CLANG_WARN_QUOTED_INCLUDE_IN_FRAMEWORK_HEADER = YES;
				CLANG_WARN_RANGE_LOOP_ANALYSIS = YES;
				CLANG_WARN_STRICT_PROTOTYPES = YES;
				CLANG_WARN_SUSPICIOUS_MOVE = YES;
				CLANG_WARN_UNGUARDED_AVAILABILITY = YES_AGGRESSIVE;
				CLANG_WARN_UNREACHABLE_CODE = YES;
				CLANG_WARN__DUPLICATE_METHOD_MATCH = YES;
				COPY_PHASE_STRIP = NO;
				DEBUG_INFORMATION_FORMAT = dwarf;
				ENABLE_STRICT_OBJC_MSGSEND = YES;
				ENABLE_TESTABILITY = YES;
				GCC_C_LANGUAGE_STANDARD = gnu11;
				GCC_DYNAMIC_NO_PIC = NO;
				GCC_NO_COMMON_BLOCKS = YES;
				GCC_OPTIMIZATION_LEVEL = 0;
				GCC_PREPROCESSOR_DEFINITIONS = (
					"DEBUG=1",
					"$(inherited)",
				);
				GCC_WARN_64_TO_32_BIT_CONVERSION = YES;
				GCC_WARN_ABOUT_RETURN_TYPE = YES_ERROR;
				GCC_WARN_UNDECLARED_SELECTOR = YES;
				GCC_WARN_UNINITIALIZED_AUTOS = YES_AGGRESSIVE;
				GCC_WARN_UNUSED_FUNCTION = YES;
				GCC_WARN_UNUSED_VARIABLE = YES;
				IPHONEOS_DEPLOYMENT_TARGET = 16.0;
				MTL_ENABLE_DEBUG_INFO = INCLUDE_SOURCE;
				MTL_FAST_MATH = YES;
				ONLY_ACTIVE_ARCH = YES;
				SDKROOT = iphoneos;
				SWIFT_ACTIVE_COMPILATION_CONDITIONS = DEBUG;
				SWIFT_OPTIMIZATION_LEVEL = "-Onone";
			};
			name = Debug;
		};
		2DBE0134291657CB00CE4E57 /* Release */ = {
			isa = XCBuildConfiguration;
			buildSettings = {
				ALWAYS_SEARCH_USER_PATHS = NO;
				CLANG_ANALYZER_NONNULL = YES;
				CLANG_ANALYZER_NUMBER_OBJECT_CONVERSION = YES_AGGRESSIVE;
				CLANG_CXX_LANGUAGE_STANDARD = "gnu++20";
				CLANG_ENABLE_MODULES = YES;
				CLANG_ENABLE_OBJC_ARC = YES;
				CLANG_ENABLE_OBJC_WEAK = YES;
				CLANG_WARN_BLOCK_CAPTURE_AUTORELEASING = YES;
				CLANG_WARN_BOOL_CONVERSION = YES;
				CLANG_WARN_COMMA = YES;
				CLANG_WARN_CONSTANT_CONVERSION = YES;
				CLANG_WARN_DEPRECATED_OBJC_IMPLEMENTATIONS = YES;
				CLANG_WARN_DIRECT_OBJC_ISA_USAGE = YES_ERROR;
				CLANG_WARN_DOCUMENTATION_COMMENTS = YES;
				CLANG_WARN_EMPTY_BODY = YES;
				CLANG_WARN_ENUM_CONVERSION = YES;
				CLANG_WARN_INFINITE_RECURSION = YES;
				CLANG_WARN_INT_CONVERSION = YES;
				CLANG_WARN_NON_LITERAL_NULL_CONVERSION = YES;
				CLANG_WARN_OBJC_IMPLICIT_RETAIN_SELF = YES;
				CLANG_WARN_OBJC_LITERAL_CONVERSION = YES;
				CLANG_WARN_OBJC_ROOT_CLASS = YES_ERROR;
				CLANG_WARN_QUOTED_INCLUDE_IN_FRAMEWORK_HEADER = YES;
				CLANG_WARN_RANGE_LOOP_ANALYSIS = YES;
				CLANG_WARN_STRICT_PROTOTYPES = YES;
				CLANG_WARN_SUSPICIOUS_MOVE = YES;
				CLANG_WARN_UNGUARDED_AVAILABILITY = YES_AGGRESSIVE;
				CLANG_WARN_UNREACHABLE_CODE = YES;
				CLANG_WARN__DUPLICATE_METHOD_MATCH = YES;
				COPY_PHASE_STRIP = NO;
				DEBUG_INFORMATION_FORMAT = "dwarf-with-dsym";
				ENABLE_NS_ASSERTIONS = NO;
				ENABLE_STRICT_OBJC_MSGSEND = YES;
				GCC_C_LANGUAGE_STANDARD = gnu11;
				GCC_NO_COMMON_BLOCKS = YES;
				GCC_WARN_64_TO_32_BIT_CONVERSION = YES;
				GCC_WARN_ABOUT_RETURN_TYPE = YES_ERROR;
				GCC_WARN_UNDECLARED_SELECTOR = YES;
				GCC_WARN_UNINITIALIZED_AUTOS = YES_AGGRESSIVE;
				GCC_WARN_UNUSED_FUNCTION = YES;
				GCC_WARN_UNUSED_VARIABLE = YES;
				IPHONEOS_DEPLOYMENT_TARGET = 16.0;
				MTL_ENABLE_DEBUG_INFO = NO;
				MTL_FAST_MATH = YES;
				SDKROOT = iphoneos;
				SWIFT_COMPILATION_MODE = wholemodule;
				SWIFT_OPTIMIZATION_LEVEL = "-O";
				VALIDATE_PRODUCT = YES;
			};
			name = Release;
		};
		2DBE0136291657CB00CE4E57 /* Debug */ = {
			isa = XCBuildConfiguration;
			baseConfigurationReference = DAE71AF6223E991ABB88F6AC /* Pods-VKClientRM.debug.xcconfig */;
			buildSettings = {
				ASSETCATALOG_COMPILER_APPICON_NAME = AppIcon;
				ASSETCATALOG_COMPILER_GLOBAL_ACCENT_COLOR_NAME = AccentColor;
				CODE_SIGN_STYLE = Automatic;
				CURRENT_PROJECT_VERSION = 1;
				DEVELOPMENT_TEAM = 55SMNB9RR2;
				GENERATE_INFOPLIST_FILE = YES;
				INFOPLIST_FILE = VKClientRM/Info.plist;
				INFOPLIST_KEY_UIApplicationSupportsIndirectInputEvents = YES;
				INFOPLIST_KEY_UILaunchStoryboardName = LaunchScreen;
				INFOPLIST_KEY_UIMainStoryboardFile = Main;
				INFOPLIST_KEY_UISupportedInterfaceOrientations_iPad = "UIInterfaceOrientationPortrait UIInterfaceOrientationPortraitUpsideDown UIInterfaceOrientationLandscapeLeft UIInterfaceOrientationLandscapeRight";
				INFOPLIST_KEY_UISupportedInterfaceOrientations_iPhone = "UIInterfaceOrientationPortrait UIInterfaceOrientationLandscapeLeft UIInterfaceOrientationLandscapeRight";
				IPHONEOS_DEPLOYMENT_TARGET = 14.0;
				LD_RUNPATH_SEARCH_PATHS = (
					"$(inherited)",
					"@executable_path/Frameworks",
				);
				MARKETING_VERSION = 1.0;
				PRODUCT_BUNDLE_IDENTIFIER = LS18.VKClientRM;
				PRODUCT_NAME = "$(TARGET_NAME)";
				SWIFT_EMIT_LOC_STRINGS = YES;
				SWIFT_VERSION = 5.0;
				TARGETED_DEVICE_FAMILY = "1,2";
			};
			name = Debug;
		};
		2DBE0137291657CB00CE4E57 /* Release */ = {
			isa = XCBuildConfiguration;
			baseConfigurationReference = 10C62CC1FDA58C9018C777AB /* Pods-VKClientRM.release.xcconfig */;
			buildSettings = {
				ASSETCATALOG_COMPILER_APPICON_NAME = AppIcon;
				ASSETCATALOG_COMPILER_GLOBAL_ACCENT_COLOR_NAME = AccentColor;
				CODE_SIGN_STYLE = Automatic;
				CURRENT_PROJECT_VERSION = 1;
				DEVELOPMENT_TEAM = 55SMNB9RR2;
				GENERATE_INFOPLIST_FILE = YES;
				INFOPLIST_FILE = VKClientRM/Info.plist;
				INFOPLIST_KEY_UIApplicationSupportsIndirectInputEvents = YES;
				INFOPLIST_KEY_UILaunchStoryboardName = LaunchScreen;
				INFOPLIST_KEY_UIMainStoryboardFile = Main;
				INFOPLIST_KEY_UISupportedInterfaceOrientations_iPad = "UIInterfaceOrientationPortrait UIInterfaceOrientationPortraitUpsideDown UIInterfaceOrientationLandscapeLeft UIInterfaceOrientationLandscapeRight";
				INFOPLIST_KEY_UISupportedInterfaceOrientations_iPhone = "UIInterfaceOrientationPortrait UIInterfaceOrientationLandscapeLeft UIInterfaceOrientationLandscapeRight";
				IPHONEOS_DEPLOYMENT_TARGET = 14.0;
				LD_RUNPATH_SEARCH_PATHS = (
					"$(inherited)",
					"@executable_path/Frameworks",
				);
				MARKETING_VERSION = 1.0;
				PRODUCT_BUNDLE_IDENTIFIER = LS18.VKClientRM;
				PRODUCT_NAME = "$(TARGET_NAME)";
				SWIFT_EMIT_LOC_STRINGS = YES;
				SWIFT_VERSION = 5.0;
				TARGETED_DEVICE_FAMILY = "1,2";
			};
			name = Release;
		};
/* End XCBuildConfiguration section */

/* Begin XCConfigurationList section */
		2DBE011C291657CA00CE4E57 /* Build configuration list for PBXProject "VKClientRM" */ = {
			isa = XCConfigurationList;
			buildConfigurations = (
				2DBE0133291657CB00CE4E57 /* Debug */,
				2DBE0134291657CB00CE4E57 /* Release */,
			);
			defaultConfigurationIsVisible = 0;
			defaultConfigurationName = Release;
		};
		2DBE0135291657CB00CE4E57 /* Build configuration list for PBXNativeTarget "VKClientRM" */ = {
			isa = XCConfigurationList;
			buildConfigurations = (
				2DBE0136291657CB00CE4E57 /* Debug */,
				2DBE0137291657CB00CE4E57 /* Release */,
			);
			defaultConfigurationIsVisible = 0;
			defaultConfigurationName = Release;
		};
/* End XCConfigurationList section */
	};
	rootObject = 2DBE0119291657CA00CE4E57 /* Project object */;
}
